
Microsoft Visual Studio Solution File, Format Version 12.00
# Visual Studio 15
VisualStudioVersion = 15.0.27703.2000
MinimumVisualStudioVersion = 10.0.40219.1
Project("{FAE04EC0-301F-11D3-BF4B-00C04F79EFBC}") = "MvcAuth1", "MvcAuth1\MvcAuth1.csproj", "{FD656653-C785-4307-BBC8-31BD5E2C6ABB}"
EndProject
Project("{00D1A9C2-B5F0-4AF3-8072-F6C62B433612}") = "Database1", "Database1\Database1.sqlproj", "{40EF696A-0672-4D40-B033-45C72901A055}"
EndProject
Global
	GlobalSection(SolutionConfigurationPlatforms) = preSolution
		Debug|Any CPU = Debug|Any CPU
		Release|Any CPU = Release|Any CPU
	EndGlobalSection
	GlobalSection(ProjectConfigurationPlatforms) = postSolution
		{FD656653-C785-4307-BBC8-31BD5E2C6ABB}.Debug|Any CPU.ActiveCfg = Debug|Any CPU
		{FD656653-C785-4307-BBC8-31BD5E2C6ABB}.Debug|Any CPU.Build.0 = Debug|Any CPU
		{FD656653-C785-4307-BBC8-31BD5E2C6ABB}.Release|Any CPU.ActiveCfg = Release|Any CPU
		{FD656653-C785-4307-BBC8-31BD5E2C6ABB}.Release|Any CPU.Build.0 = Release|Any CPU
		{40EF696A-0672-4D40-B033-45C72901A055}.Debug|Any CPU.ActiveCfg = Debug|Any CPU
		{40EF696A-0672-4D40-B033-45C72901A055}.Debug|Any CPU.Build.0 = Debug|Any CPU
		{40EF696A-0672-4D40-B033-45C72901A055}.Debug|Any CPU.Deploy.0 = Debug|Any CPU
		{40EF696A-0672-4D40-B033-45C72901A055}.Release|Any CPU.ActiveCfg = Release|Any CPU
		{40EF696A-0672-4D40-B033-45C72901A055}.Release|Any CPU.Build.0 = Release|Any CPU
		{40EF696A-0672-4D40-B033-45C72901A055}.Release|Any CPU.Deploy.0 = Release|Any CPU
	EndGlobalSection
	GlobalSection(SolutionProperties) = preSolution
		HideSolutionNode = FALSE
	EndGlobalSection
	GlobalSection(ExtensibilityGlobals) = postSolution
		SolutionGuid = {0FF3DC85-30E2-4D72-B0FC-B5870224F759}
	EndGlobalSection
EndGlobal
